
Microsoft Visual Studio Solution File, Format Version 12.00
# Visual Studio 15
VisualStudioVersion = 15.0.27703.2035
MinimumVisualStudioVersion = 10.0.40219.1
Project("{FAE04EC0-301F-11D3-BF4B-00C04F79EFBC}") = "SnackAttack", "SnackAttack\SnackAttack.csproj", "{544B728F-5D50-4922-B734-3FBD74BE1633}"
EndProject
Global
	GlobalSection(SolutionConfigurationPlatforms) = preSolution
		Debug|x86 = Debug|x86
		Release|x86 = Release|x86
	EndGlobalSection
	GlobalSection(ProjectConfigurationPlatforms) = postSolution
		{544B728F-5D50-4922-B734-3FBD74BE1633}.Debug|x86.ActiveCfg = Debug|x86
		{544B728F-5D50-4922-B734-3FBD74BE1633}.Debug|x86.Build.0 = Debug|x86
		{544B728F-5D50-4922-B734-3FBD74BE1633}.Release|x86.ActiveCfg = Release|x86
		{544B728F-5D50-4922-B734-3FBD74BE1633}.Release|x86.Build.0 = Release|x86
	EndGlobalSection
	GlobalSection(SolutionProperties) = preSolution
		HideSolutionNode = FALSE
	EndGlobalSection
	GlobalSection(ExtensibilityGlobals) = postSolution
		SolutionGuid = {FC92418B-9A33-4442-BC75-1E4B84E28B85}
	EndGlobalSection
EndGlobal
